{
  "name": "b32",
  "version": "0.1.0",
  "lockfileVersion": 3,
  "requires": true,
  "packages": {
    "": {
      "version": "0.1.0",
      "license": "ISC",
      "devDependencies": {
        "@types/node": "^11.11.3",
        "thor-devkit": "^2.2.0",
        "ts-node": "^8.0.3",
        "typescript": "^3.3.3333"
      }
    },
    "node_modules/@adraffy/ens-normalize": {
      "version": "1.10.1",
      "resolved": "https://registry.npmjs.org/@adraffy/ens-normalize/-/ens-normalize-1.10.1.tgz",
      "integrity": "sha512-96Z2IP3mYmF1Xg2cDm8f1gWGf/HUVedQ3FMifV4kG/PQ4yEP51xDtRAEfhVNt5f/uzpNkZHwWQuUcu6D6K+Ekw==",
      "dev": true,
      "license": "MIT"
    },
    "node_modules/@noble/curves": {
      "version": "1.2.0",
      "resolved": "https://registry.npmjs.org/@noble/curves/-/curves-1.2.0.tgz",
      "integrity": "sha512-oYclrNgRaM9SsBUBVbb8M6DTV7ZHRTKugureoYEncY5c65HOmRzvSiTE3y5CYaPYJA/GVkrhXEoF0M3Ya9PMnw==",
      "dev": true,
      "license": "MIT",
      "dependencies": {
        "@noble/hashes": "1.3.2"
      },
      "funding": {
        "url": "https://paulmillr.com/funding/"
      }
    },
    "node_modules/@noble/hashes": {
      "version": "1.3.2",
      "resolved": "https://registry.npmjs.org/@noble/hashes/-/hashes-1.3.2.tgz",
      "integrity": "sha512-MVC8EAQp7MvEcm30KWENFjgR+Mkmf+D189XJTkFIlwohU5hcBbn1ZkKq7KVTi2Hme3PMGF390DaL52beVrIihQ==",
      "dev": true,
      "license": "MIT",
      "engines": {
        "node": ">= 16"
      },
      "funding": {
        "url": "https://paulmillr.com/funding/"
      }
    },
    "node_modules/@types/node": {
      "version": "11.11.3",
      "resolved": "https://registry.npmjs.org/@types/node/-/node-11.11.3.tgz",
      "integrity": "sha512-wp6IOGu1lxsfnrD+5mX6qwSwWuqsdkKKxTN4aQc4wByHAKZJf9/D4KXPQ1POUjEbnCP5LMggB0OEFNY9OTsMqg==",
      "dev": true
    },
    "node_modules/aes-js": {
      "version": "4.0.0-beta.5",
      "resolved": "https://registry.npmjs.org/aes-js/-/aes-js-4.0.0-beta.5.tgz",
      "integrity": "sha512-G965FqalsNyrPqgEGON7nIx1e/OVENSgiEIzyC63haUMuvNnwIgIjMs52hlTCKhkBny7A2ORNlfY9Zu+jmGk1Q==",
      "dev": true,
      "license": "MIT"
    },
    "node_modules/arg": {
      "version": "4.1.0",
      "resolved": "https://registry.npmjs.org/arg/-/arg-4.1.0.tgz",
      "integrity": "sha512-ZWc51jO3qegGkVh8Hwpv636EkbesNV5ZNQPCtRa+0qytRYPEs9IYT9qITY9buezqUH5uqyzlWLcufrzU2rffdg==",
      "dev": true
    },
    "node_modules/bignumber.js": {
      "version": "7.2.1",
      "resolved": "https://registry.npmjs.org/bignumber.js/-/bignumber.js-7.2.1.tgz",
      "integrity": "sha512-S4XzBk5sMB+Rcb/LNcpzXr57VRTxgAvaAEDAl1AwRx27j00hT84O6OkteE7u8UB3NuaaygCRrEpqox4uDOrbdQ==",
      "dev": true,
      "engines": {
        "node": "*"
      }
    },
    "node_modules/blakejs": {
      "version": "1.2.1",
      "resolved": "https://registry.npmjs.org/blakejs/-/blakejs-1.2.1.tgz",
      "integrity": "sha512-QXUSXI3QVc/gJME0dBpXrag1kbzOqCjCX8/b54ntNyW6sjtoqxqRk3LTmXzaJoh71zMsDCjM+47jS7XiwN/+fQ==",
      "dev": true,
      "license": "MIT"
    },
    "node_modules/bn.js": {
      "version": "4.12.3",
      "resolved": "https://registry.npmjs.org/bn.js/-/bn.js-4.12.3.tgz",
      "integrity": "sha512-fGTi3gxV/23FTYdAoUtLYp6qySe2KE3teyZitipKNRuVYcBkoP/bB3guXN/XVKUe9mxCHXnc9C4ocyz8OmgN0g==",
      "dev": true,
      "license": "MIT"
    },
    "node_modules/brorand": {
      "version": "1.1.0",
      "resolved": "https://registry.npmjs.org/brorand/-/brorand-1.1.0.tgz",
      "integrity": "sha512-cKV8tMCEpQs4hK/ik71d6LrPOnpkpGBR0wzxqr68g2m/LB2GxVYQroAjMJZRVM1Y4BCjCKc3vAamxSzOY2RP+w==",
      "dev": true,
      "license": "MIT"
    },
    "node_modules/buffer-from": {
      "version": "1.1.1",
      "resolved": "https://registry.npmjs.org/buffer-from/-/buffer-from-1.1.1.tgz",
      "integrity": "sha512-MQcXEUbCKtEo7bhqEs6560Hyd4XaovZlO/k9V3hjVUF/zwW7KBVdSK4gIt/bzwS9MbR5qob+F5jusZsb0YQK2A==",
      "dev": true
    },
    "node_modules/diff": {
      "version": "3.5.0",
      "resolved": "https://registry.npmjs.org/diff/-/diff-3.5.0.tgz",
      "integrity": "sha512-A46qtFgd+g7pDZinpnwiRJtxbC1hpgf0uzP3iG89scHk0AUC7A1TGxf5OiiOUv/JMZR8GOt8hL900hV0bOy5xA==",
      "dev": true,
      "engines": {
        "node": ">=0.3.1"
      }
    },
    "node_modules/elliptic": {
      "version": "6.6.1",
      "resolved": "https://registry.npmjs.org/elliptic/-/elliptic-6.6.1.tgz",
      "integrity": "sha512-RaddvvMatK2LJHqFJ+YA4WysVN5Ita9E35botqIYspQ4TkRAlCicdzKOjlyv/1Za5RyTNn7di//eEV0uTAfe3g==",
      "dev": true,
      "license": "MIT",
      "dependencies": {
        "bn.js": "^4.11.9",
        "brorand": "^1.1.0",
        "hash.js": "^1.0.0",
        "hmac-drbg": "^1.0.1",
        "inherits": "^2.0.4",
        "minimalistic-assert": "^1.0.1",
        "minimalistic-crypto-utils": "^1.0.1"
      }
    },
    "node_modules/ethers": {
      "version": "6.16.0",
      "resolved": "https://registry.npmjs.org/ethers/-/ethers-6.16.0.tgz",
      "integrity": "sha512-U1wulmetNymijEhpSEQ7Ct/P/Jw9/e7R1j5XIbPRydgV2DjLVMsULDlNksq3RQnFgKoLlZf88ijYtWEXcPa07A==",
      "dev": true,
      "funding": [
        {
          "type": "individual",
          "url": "https://github.com/sponsors/ethers-io/"
        },
        {
          "type": "individual",
          "url": "https://www.buymeacoffee.com/ricmoo"
        }
      ],
      "license": "MIT",
      "dependencies": {
        "@adraffy/ens-normalize": "1.10.1",
        "@noble/curves": "1.2.0",
        "@noble/hashes": "1.3.2",
        "@types/node": "22.7.5",
        "aes-js": "4.0.0-beta.5",
        "tslib": "2.7.0",
        "ws": "8.17.1"
      },
      "engines": {
        "node": ">=14.0.0"
      }
    },
    "node_modules/ethers/node_modules/@types/node": {
      "version": "22.7.5",
      "resolved": "https://registry.npmjs.org/@types/node/-/node-22.7.5.tgz",
      "integrity": "sha512-jML7s2NAzMWc//QSJ1a3prpk78cOPchGvXJsC3C6R6PSMoooztvRVQEz89gmBTBY1SPMaqo5teB4uNHPdetShQ==",
      "dev": true,
      "license": "MIT",
      "dependencies": {
        "undici-types": "~6.19.2"
      }
    },
    "node_modules/fast-json-stable-stringify": {
      "version": "2.1.0",
      "resolved": "https://registry.npmjs.org/fast-json-stable-stringify/-/fast-json-stable-stringify-2.1.0.tgz",
      "integrity": "sha512-lhd/wF+Lk98HZoTCtlVraHtfh5XYijIjalXck7saUtuanSDyLMxnHhSXEDJqHxD7msR8D0uCmqlkwjCV8xvwHw==",
      "dev": true
    },
    "node_modules/hash.js": {
      "version": "1.1.7",
      "resolved": "https://registry.npmjs.org/hash.js/-/hash.js-1.1.7.tgz",
      "integrity": "sha512-taOaskGt4z4SOANNseOviYDvjEJinIkRgmp7LbKP2YTTmVxWBl87s/uzK9r+44BclBSp2X7K1hqeNfz9JbBeXA==",
      "dev": true,
      "license": "MIT",
      "dependencies": {
        "inherits": "^2.0.3",
        "minimalistic-assert": "^1.0.1"
      }
    },
    "node_modules/hmac-drbg": {
      "version": "1.0.1",
      "resolved": "https://registry.npmjs.org/hmac-drbg/-/hmac-drbg-1.0.1.tgz",
      "integrity": "sha512-Tti3gMqLdZfhOQY1Mzf/AanLiqh1WTiJgEj26ZuYQ9fbkLomzGchCws4FyrSd4VkpBfiNhaE1On+lOz894jvXg==",
      "dev": true,
      "license": "MIT",
      "dependencies": {
        "hash.js": "^1.0.3",
        "minimalistic-assert": "^1.0.0",
        "minimalistic-crypto-utils": "^1.0.1"
      }
    },
    "node_modules/inherits": {
      "version": "2.0.4",
      "resolved": "https://registry.npmjs.org/inherits/-/inherits-2.0.4.tgz",
      "integrity": "sha512-k/vGaX4/Yla3WzyMCvTQOXYeIHvqOKtnqBduzTHpzpQZzAskKMhZ2K+EnBiSM9zGSoIFeMpXKxa4dYeZIQqewQ==",
      "dev": true,
      "license": "ISC"
    },
    "node_modules/js-sha3": {
      "version": "0.5.7",
      "resolved": "https://registry.npmjs.org/js-sha3/-/js-sha3-0.5.7.tgz",
      "integrity": "sha512-GII20kjaPX0zJ8wzkTbNDYMY7msuZcTWk8S5UOh6806Jq/wz1J8/bnr8uGU0DAUmYDjj2Mr4X1cW8v/GLYnR+g==",
      "dev": true,
      "license": "MIT"
    },
    "node_modules/make-error": {
      "version": "1.3.5",
      "resolved": "https://registry.npmjs.org/make-error/-/make-error-1.3.5.tgz",
      "integrity": "sha512-c3sIjNUow0+8swNwVpqoH4YCShKNFkMaw6oH1mNS2haDZQqkeZFlHS3dhoeEbKKmJB4vXpJucU6oH75aDYeE9g==",
      "dev": true
    },
    "node_modules/minimalistic-assert": {
      "version": "1.0.1",
      "resolved": "https://registry.npmjs.org/minimalistic-assert/-/minimalistic-assert-1.0.1.tgz",
      "integrity": "sha512-UtJcAD4yEaGtjPezWuO9wC4nwUnVH/8/Im3yEHQP4b67cXlD/Qr9hdITCU1xDbSEXg2XKNaP8jsReV7vQd00/A==",
      "dev": true,
      "license": "ISC"
    },
    "node_modules/minimalistic-crypto-utils": {
      "version": "1.0.1",
      "resolved": "https://registry.npmjs.org/minimalistic-crypto-utils/-/minimalistic-crypto-utils-1.0.1.tgz",
      "integrity": "sha512-JIYlbt6g8i5jKfJ3xz7rF0LXmv2TkDxBLUkiBeZ7bAx4GnnNMr8xFpGnOxn6GhTEHx3SjRrZEoU+j04prX1ktg==",
      "dev": true,
      "license": "MIT"
    },
    "node_modules/rlp": {
      "version": "2.2.7",
      "resolved": "https://registry.npmjs.org/rlp/-/rlp-2.2.7.tgz",
      "integrity": "sha512-d5gdPmgQ0Z+AklL2NVXr/IoSjNZFfTVvQWzL/AM2AOcSzYP2xjlb0AC8YyCLc41MSNf6P6QVtjgPdmVtzb+4lQ==",
      "dev": true,
      "dependencies": {
        "bn.js": "^5.2.0"
      },
      "bin": {
        "rlp": "bin/rlp"
      }
    },
    "node_modules/rlp/node_modules/bn.js": {
      "version": "5.2.0",
      "resolved": "https://registry.npmjs.org/bn.js/-/bn.js-5.2.0.tgz",
      "integrity": "sha512-D7iWRBvnZE8ecXiLj/9wbxH7Tk79fAh8IHaTNq1RWRixsS02W+5qS+iE9yq6RYl0asXx5tw0bLhmT5pIfbSquw==",
      "dev": true
    },
    "node_modules/source-map": {
      "version": "0.6.1",
      "resolved": "https://registry.npmjs.org/source-map/-/source-map-0.6.1.tgz",
      "integrity": "sha512-UjgapumWlbMhkBgzT7Ykc5YXUT46F0iKu8SGXq0bcwP5dz/h0Plj6enJqjz1Zbq2l5WaqYnrVbwWOWMyF3F47g==",
      "dev": true,
      "engines": {
        "node": ">=0.10.0"
      }
    },
    "node_modules/source-map-support": {
      "version": "0.5.11",
      "resolved": "https://registry.npmjs.org/source-map-support/-/source-map-support-0.5.11.tgz",
      "integrity": "sha512-//sajEx/fGL3iw6fltKMdPvy8kL3kJ2O3iuYlRoT3k9Kb4BjOoZ+BZzaNHeuaruSt+Kf3Zk9tnfAQg9/AJqUVQ==",
      "dev": true,
      "dependencies": {
        "buffer-from": "^1.0.0",
        "source-map": "^0.6.0"
      }
    },
    "node_modules/thor-devkit": {
      "version": "2.2.0",
      "resolved": "https://registry.npmjs.org/thor-devkit/-/thor-devkit-2.2.0.tgz",
      "integrity": "sha512-Z9zNSDys84LLscxM27AFMtH3ZclfzsQxg8Jyg7u87N4HoZ6p4YSB2Zs50h+b6h/noIWQXDewll2V31mcM4dd7g==",
      "dev": true,
      "license": "MIT",
      "dependencies": {
        "bignumber.js": "^7.2.1",
        "blakejs": "^1.1.2",
        "elliptic": "^6.6.1",
        "ethers": "^6.13.0",
        "fast-json-stable-stringify": "^2.1.0",
        "js-sha3": "0.5.7",
        "rlp": "^2.0.0"
      }
    },
    "node_modules/ts-node": {
      "version": "8.0.3",
      "resolved": "https://registry.npmjs.org/ts-node/-/ts-node-8.0.3.tgz",
      "integrity": "sha512-2qayBA4vdtVRuDo11DEFSsD/SFsBXQBRZZhbRGSIkmYmVkWjULn/GGMdG10KVqkaGndljfaTD8dKjWgcejO8YA==",
      "dev": true,
      "dependencies": {
        "arg": "^4.1.0",
        "diff": "^3.1.0",
        "make-error": "^1.1.1",
        "source-map-support": "^0.5.6",
        "yn": "^3.0.0"
      },
      "bin": {
        "ts-node": "dist/bin.js"
      },
      "engines": {
        "node": ">=4.2.0"
      },
      "peerDependencies": {
        "typescript": ">=2.0"
      }
    },
    "node_modules/tslib": {
      "version": "2.7.0",
      "resolved": "https://registry.npmjs.org/tslib/-/tslib-2.7.0.tgz",
      "integrity": "sha512-gLXCKdN1/j47AiHiOkJN69hJmcbGTHI0ImLmbYLHykhgeN0jVGola9yVjFgzCUklsZQMW55o+dW7IXv3RCXDzA==",
      "dev": true,
      "license": "0BSD"
    },
    "node_modules/typescript": {
      "version": "3.3.3333",
      "resolved": "https://registry.npmjs.org/typescript/-/typescript-3.3.3333.tgz",
      "integrity": "sha512-JjSKsAfuHBE/fB2oZ8NxtRTk5iGcg6hkYXMnZ3Wc+b2RSqejEqTaem11mHASMnFilHrax3sLK0GDzcJrekZYLw==",
      "dev": true,
      "bin": {
        "tsc": "bin/tsc",
        "tsserver": "bin/tsserver"
      },
      "engines": {
        "node": ">=4.2.0"
      }
    },
    "node_modules/undici-types": {
      "version": "6.19.8",
      "resolved": "https://registry.npmjs.org/undici-types/-/undici-types-6.19.8.tgz",
      "integrity": "sha512-ve2KP6f/JnbPBFyobGHuerC9g1FYGn/F8n1LWTwNxCEzd6IfqTwUQcNXgEtmmQ6DlRrC1hrSrBnCZPokRrDHjw==",
      "dev": true,
      "license": "MIT"
    },
    "node_modules/ws": {
      "version": "8.17.1",
      "resolved": "https://registry.npmjs.org/ws/-/ws-8.17.1.tgz",
      "integrity": "sha512-6XQFvXTkbfUOZOKKILFG1PDK2NDQs4azKQl26T0YS5CxqWLgXajbPZ+h4gZekJyRqFU8pvnbAbbs/3TgRPy+GQ==",
      "dev": true,
      "license": "MIT",
      "engines": {
        "node": ">=10.0.0"
      },
      "peerDependencies": {
        "bufferutil": "^4.0.1",
        "utf-8-validate": ">=5.0.2"
      },
      "peerDependenciesMeta": {
        "bufferutil": {
          "optional": true
        },
        "utf-8-validate": {
          "optional": true
        }
      }
    },
    "node_modules/yn": {
      "version": "3.0.0",
      "resolved": "https://registry.npmjs.org/yn/-/yn-3.0.0.tgz",
      "integrity": "sha512-+Wo/p5VRfxUgBUGy2j/6KX2mj9AYJWOHuhMjMcbBFc3y54o9/4buK1ksBvuiK01C3kby8DH9lSmJdSxw+4G/2Q==",
      "dev": true,
      "engines": {
        "node": ">=6"
      }
    }
  }
}
